
Microsoft Visual Studio Solution File, Format Version 12.00
# Visual Studio Version 17
VisualStudioVersion = 17.13.35913.81 d17.13
MinimumVisualStudioVersion = 10.0.40219.1
Project("{FAE04EC0-301F-11D3-BF4B-00C04F79EFBC}") = "LibManBlazorWebApp", "LibManBlazorWebApp\LibManBlazorWebApp.csproj", "{CF5FCE85-0591-4D2A-A75B-55DF217B1AE2}"
EndProject
Global
	GlobalSection(SolutionConfigurationPlatforms) = preSolution
		Debug|Any CPU = Debug|Any CPU
		Release|Any CPU = Release|Any CPU
	EndGlobalSection
	GlobalSection(ProjectConfigurationPlatforms) = postSolution
		{CF5FCE85-0591-4D2A-A75B-55DF217B1AE2}.Debug|Any CPU.ActiveCfg = Debug|Any CPU
		{CF5FCE85-0591-4D2A-A75B-55DF217B1AE2}.Debug|Any CPU.Build.0 = Debug|Any CPU
		{CF5FCE85-0591-4D2A-A75B-55DF217B1AE2}.Release|Any CPU.ActiveCfg = Release|Any CPU
		{CF5FCE85-0591-4D2A-A75B-55DF217B1AE2}.Release|Any CPU.Build.0 = Release|Any CPU
	EndGlobalSection
	GlobalSection(SolutionProperties) = preSolution
		HideSolutionNode = FALSE
	EndGlobalSection
	GlobalSection(ExtensibilityGlobals) = postSolution
		SolutionGuid = {868E80A7-6D00-46E5-B884-25BF77C72BED}
	EndGlobalSection
EndGlobal
